
Microsoft Visual Studio Solution File, Format Version 12.00
# Visual Studio Version 16
VisualStudioVersion = 16.0.31105.61
MinimumVisualStudioVersion = 10.0.40219.1
Project("{FAE04EC0-301F-11D3-BF4B-00C04F79EFBC}") = "Actividad_14", "Actividad_14.csproj", "{4464452E-4D64-4EC4-8B0A-2D7A5DE647B2}"
EndProject
Global
	GlobalSection(SolutionConfigurationPlatforms) = preSolution
		Debug|Any CPU = Debug|Any CPU
		Release|Any CPU = Release|Any CPU
	EndGlobalSection
	GlobalSection(ProjectConfigurationPlatforms) = postSolution
		{4464452E-4D64-4EC4-8B0A-2D7A5DE647B2}.Debug|Any CPU.ActiveCfg = Debug|Any CPU
		{4464452E-4D64-4EC4-8B0A-2D7A5DE647B2}.Debug|Any CPU.Build.0 = Debug|Any CPU
		{4464452E-4D64-4EC4-8B0A-2D7A5DE647B2}.Release|Any CPU.ActiveCfg = Release|Any CPU
		{4464452E-4D64-4EC4-8B0A-2D7A5DE647B2}.Release|Any CPU.Build.0 = Release|Any CPU
	EndGlobalSection
	GlobalSection(SolutionProperties) = preSolution
		HideSolutionNode = FALSE
	EndGlobalSection
	GlobalSection(ExtensibilityGlobals) = postSolution
		SolutionGuid = {C46C8FE2-60B3-48F8-9FD8-884B843AA7AD}
	EndGlobalSection
EndGlobal
